// !$*UTF8*$!
{
	archiveVersion = 1;
	classes = {
	};
	objectVersion = 50;
	objects = {

/* Begin PBXBuildFile section */
		842204C5291FFBF80053DF54 /* kitten.gif in Resources */ = {isa = PBXBuildFile; fileRef = 842204C4291FFBF80053DF54 /* kitten.gif */; };
		8446A223281DA20700A95290 /* Colors.swift in Sources */ = {isa = PBXBuildFile; fileRef = 8446A222281DA20700A95290 /* Colors.swift */; };
		8446A225281DA24C00A95290 /* Extensions.swift in Sources */ = {isa = PBXBuildFile; fileRef = 8446A224281DA24C00A95290 /* Extensions.swift */; };
		844F98732878EDC200859AEB /* error.mp3 in Resources */ = {isa = PBXBuildFile; fileRef = 844F98722878EDC200859AEB /* error.mp3 */; };
		844F987B2878F80C00859AEB /* loaded.mp3 in Resources */ = {isa = PBXBuildFile; fileRef = 844F987A2878F80C00859AEB /* loaded.mp3 */; };
		844F987D2878F89100859AEB /* jedy1.mp3 in Resources */ = {isa = PBXBuildFile; fileRef = 844F987C2878F89100859AEB /* jedy1.mp3 */; };
		844F987F2878F99000859AEB /* jedy2.mp3 in Resources */ = {isa = PBXBuildFile; fileRef = 844F987E2878F99000859AEB /* jedy2.mp3 */; };
		8455A6CE2878E45400B3D575 /* SoundManager.swift in Sources */ = {isa = PBXBuildFile; fileRef = 8455A6CD2878E45400B3D575 /* SoundManager.swift */; };
		8455A6D02878E62A00B3D575 /* VibrateManager.swift in Sources */ = {isa = PBXBuildFile; fileRef = 8455A6CF2878E62A00B3D575 /* VibrateManager.swift */; };
		846FC68A2879748D0045FCB2 /* StorageService.swift in Sources */ = {isa = PBXBuildFile; fileRef = 846FC6892879748D0045FCB2 /* StorageService.swift */; };
		846FC68C287987B50045FCB2 /* SettingsViewController.swift in Sources */ = {isa = PBXBuildFile; fileRef = 846FC68B287987B50045FCB2 /* SettingsViewController.swift */; };
		849674B32774BD4700504D9D /* Model.swift in Sources */ = {isa = PBXBuildFile; fileRef = 849674B22774BD4700504D9D /* Model.swift */; };
		849674B62774BE2700504D9D /* InternetService.swift in Sources */ = {isa = PBXBuildFile; fileRef = 849674B52774BE2700504D9D /* InternetService.swift */; };
		849674B82774C8F100504D9D /* Assemblyer.swift in Sources */ = {isa = PBXBuildFile; fileRef = 849674B72774C8F100504D9D /* Assemblyer.swift */; };
		84BF945F281DAF3A008B9F57 /* LaunchScreen.storyboard in Resources */ = {isa = PBXBuildFile; fileRef = 84BF945D281DAF3A008B9F57 /* LaunchScreen.storyboard */; };
		84FA0F7826C6350900FB1C34 /* AppDelegate.swift in Sources */ = {isa = PBXBuildFile; fileRef = 84FA0F7726C6350900FB1C34 /* AppDelegate.swift */; };
		84FA0F7A26C6350900FB1C34 /* SceneDelegate.swift in Sources */ = {isa = PBXBuildFile; fileRef = 84FA0F7926C6350900FB1C34 /* SceneDelegate.swift */; };
		84FA0F7C26C6350900FB1C34 /* NewsViewController.swift in Sources */ = {isa = PBXBuildFile; fileRef = 84FA0F7B26C6350900FB1C34 /* NewsViewController.swift */; };
		84FA0F8226C6350900FB1C34 /* FinamTest.xcdatamodeld in Sources */ = {isa = PBXBuildFile; fileRef = 84FA0F8026C6350900FB1C34 /* FinamTest.xcdatamodeld */; };
		84FA0F8426C6350D00FB1C34 /* Assets.xcassets in Resources */ = {isa = PBXBuildFile; fileRef = 84FA0F8326C6350D00FB1C34 /* Assets.xcassets */; };
		84FA0F8F26C6362600FB1C34 /* TopicCell.swift in Sources */ = {isa = PBXBuildFile; fileRef = 84FA0F8E26C6362600FB1C34 /* TopicCell.swift */; };
		84FA0FA326C642C000FB1C34 /* SelectedTopicViewController.swift in Sources */ = {isa = PBXBuildFile; fileRef = 84FA0FA226C642C000FB1C34 /* SelectedTopicViewController.swift */; };
		C411227829D9A9CC0089F601 /* SettingsCell.swift in Sources */ = {isa = PBXBuildFile; fileRef = C411227729D9A9CC0089F601 /* SettingsCell.swift */; };
		C411227A29D9AA460089F601 /* SettingsModel.swift in Sources */ = {isa = PBXBuildFile; fileRef = C411227929D9AA460089F601 /* SettingsModel.swift */; };
		C411227F29D9B19A0089F601 /* SettingsService.swift in Sources */ = {isa = PBXBuildFile; fileRef = C411227E29D9B19A0089F601 /* SettingsService.swift */; };
/* End PBXBuildFile section */

/* Begin PBXCopyFilesBuildPhase section */
		84FA0F9726C6372600FB1C34 /* Embed Frameworks */ = {
			isa = PBXCopyFilesBuildPhase;
			buildActionMask = 2147483647;
			dstPath = "";
			dstSubfolderSpec = 10;
			files = (
			);
			name = "Embed Frameworks";
			runOnlyForDeploymentPostprocessing = 0;
		};
/* End PBXCopyFilesBuildPhase section */

/* Begin PBXFileReference section */
		842204C4291FFBF80053DF54 /* kitten.gif */ = {isa = PBXFileReference; lastKnownFileType = image.gif; path = kitten.gif; sourceTree = "<group>"; };
		8446A222281DA20700A95290 /* Colors.swift */ = {isa = PBXFileReference; lastKnownFileType = sourcecode.swift; path = Colors.swift; sourceTree = "<group>"; };
		8446A224281DA24C00A95290 /* Extensions.swift */ = {isa = PBXFileReference; lastKnownFileType = sourcecode.swift; path = Extensions.swift; sourceTree = "<group>"; };
		844F98722878EDC200859AEB /* error.mp3 */ = {isa = PBXFileReference; lastKnownFileType = audio.mp3; path = error.mp3; sourceTree = "<group>"; };
		844F987A2878F80C00859AEB /* loaded.mp3 */ = {isa = PBXFileReference; lastKnownFileType = audio.mp3; path = loaded.mp3; sourceTree = "<group>"; };
		844F987C2878F89100859AEB /* jedy1.mp3 */ = {isa = PBXFileReference; lastKnownFileType = audio.mp3; path = jedy1.mp3; sourceTree = "<group>"; };
		844F987E2878F99000859AEB /* jedy2.mp3 */ = {isa = PBXFileReference; lastKnownFileType = audio.mp3; path = jedy2.mp3; sourceTree = "<group>"; };
		8455A6CD2878E45400B3D575 /* SoundManager.swift */ = {isa = PBXFileReference; lastKnownFileType = sourcecode.swift; path = SoundManager.swift; sourceTree = "<group>"; };
		8455A6CF2878E62A00B3D575 /* VibrateManager.swift */ = {isa = PBXFileReference; lastKnownFileType = sourcecode.swift; path = VibrateManager.swift; sourceTree = "<group>"; };
		846FC6892879748D0045FCB2 /* StorageService.swift */ = {isa = PBXFileReference; lastKnownFileType = sourcecode.swift; path = StorageService.swift; sourceTree = "<group>"; };
		846FC68B287987B50045FCB2 /* SettingsViewController.swift */ = {isa = PBXFileReference; lastKnownFileType = sourcecode.swift; path = SettingsViewController.swift; sourceTree = "<group>"; };
		849674B22774BD4700504D9D /* Model.swift */ = {isa = PBXFileReference; lastKnownFileType = sourcecode.swift; path = Model.swift; sourceTree = "<group>"; };
		849674B52774BE2700504D9D /* InternetService.swift */ = {isa = PBXFileReference; lastKnownFileType = sourcecode.swift; path = InternetService.swift; sourceTree = "<group>"; };
		849674B72774C8F100504D9D /* Assemblyer.swift */ = {isa = PBXFileReference; lastKnownFileType = sourcecode.swift; path = Assemblyer.swift; sourceTree = "<group>"; };
		84BF945E281DAF3A008B9F57 /* Base */ = {isa = PBXFileReference; lastKnownFileType = file.storyboard; name = Base; path = FinamTest/Base.lproj/LaunchScreen.storyboard; sourceTree = SOURCE_ROOT; };
		84FA0F7426C6350900FB1C34 /* ТехноНовости.app */ = {isa = PBXFileReference; explicitFileType = wrapper.application; includeInIndex = 0; path = "ТехноНовости.app"; sourceTree = BUILT_PRODUCTS_DIR; };
		84FA0F7726C6350900FB1C34 /* AppDelegate.swift */ = {isa = PBXFileReference; lastKnownFileType = sourcecode.swift; path = AppDelegate.swift; sourceTree = "<group>"; };
		84FA0F7926C6350900FB1C34 /* SceneDelegate.swift */ = {isa = PBXFileReference; lastKnownFileType = sourcecode.swift; path = SceneDelegate.swift; sourceTree = "<group>"; };
		84FA0F7B26C6350900FB1C34 /* NewsViewController.swift */ = {isa = PBXFileReference; lastKnownFileType = sourcecode.swift; path = NewsViewController.swift; sourceTree = "<group>"; };
		84FA0F8126C6350900FB1C34 /* FinamTest.xcdatamodel */ = {isa = PBXFileReference; lastKnownFileType = wrapper.xcdatamodel; path = FinamTest.xcdatamodel; sourceTree = "<group>"; };
		84FA0F8326C6350D00FB1C34 /* Assets.xcassets */ = {isa = PBXFileReference; lastKnownFileType = folder.assetcatalog; path = Assets.xcassets; sourceTree = "<group>"; };
		84FA0F8826C6350D00FB1C34 /* Info.plist */ = {isa = PBXFileReference; lastKnownFileType = text.plist.xml; path = Info.plist; sourceTree = "<group>"; };
		84FA0F8E26C6362600FB1C34 /* TopicCell.swift */ = {isa = PBXFileReference; lastKnownFileType = sourcecode.swift; path = TopicCell.swift; sourceTree = "<group>"; };
		84FA0FA226C642C000FB1C34 /* SelectedTopicViewController.swift */ = {isa = PBXFileReference; lastKnownFileType = sourcecode.swift; path = SelectedTopicViewController.swift; sourceTree = "<group>"; };
		C411227729D9A9CC0089F601 /* SettingsCell.swift */ = {isa = PBXFileReference; lastKnownFileType = sourcecode.swift; path = SettingsCell.swift; sourceTree = "<group>"; };
		C411227929D9AA460089F601 /* SettingsModel.swift */ = {isa = PBXFileReference; lastKnownFileType = sourcecode.swift; path = SettingsModel.swift; sourceTree = "<group>"; };
		C411227E29D9B19A0089F601 /* SettingsService.swift */ = {isa = PBXFileReference; lastKnownFileType = sourcecode.swift; path = SettingsService.swift; sourceTree = "<group>"; };
/* End PBXFileReference section */

/* Begin PBXFrameworksBuildPhase section */
		84FA0F7126C6350900FB1C34 /* Frameworks */ = {
			isa = PBXFrameworksBuildPhase;
			buildActionMask = 2147483647;
			files = (
			);
			runOnlyForDeploymentPostprocessing = 0;
		};
/* End PBXFrameworksBuildPhase section */

/* Begin PBXGroup section */
		8446A226281DA29400A95290 /* View */ = {
			isa = PBXGroup;
			children = (
				84FA0F7B26C6350900FB1C34 /* NewsViewController.swift */,
				84FA0FA226C642C000FB1C34 /* SelectedTopicViewController.swift */,
				846FC68B287987B50045FCB2 /* SettingsViewController.swift */,
				C411227729D9A9CC0089F601 /* SettingsCell.swift */,
				84FA0F8E26C6362600FB1C34 /* TopicCell.swift */,
				84BF945D281DAF3A008B9F57 /* LaunchScreen.storyboard */,
			);
			path = View;
			sourceTree = "<group>";
		};
		8446A227281DA2FB00A95290 /* Helpers */ = {
			isa = PBXGroup;
			children = (
				84FA0F7726C6350900FB1C34 /* AppDelegate.swift */,
				84FA0F7926C6350900FB1C34 /* SceneDelegate.swift */,
				8446A224281DA24C00A95290 /* Extensions.swift */,
				8446A222281DA20700A95290 /* Colors.swift */,
				84FA0F8326C6350D00FB1C34 /* Assets.xcassets */,
				84595F892950C59400619DF7 /* Gifs */,
				844F98802878F99700859AEB /* Sounds */,
			);
			path = Helpers;
			sourceTree = "<group>";
		};
		844F98802878F99700859AEB /* Sounds */ = {
			isa = PBXGroup;
			children = (
				844F987A2878F80C00859AEB /* loaded.mp3 */,
				844F98722878EDC200859AEB /* error.mp3 */,
				844F987C2878F89100859AEB /* jedy1.mp3 */,
				844F987E2878F99000859AEB /* jedy2.mp3 */,
			);
			path = Sounds;
			sourceTree = "<group>";
		};
		8455A6D12878E63400B3D575 /* Services */ = {
			isa = PBXGroup;
			children = (
				849674B52774BE2700504D9D /* InternetService.swift */,
				846FC6892879748D0045FCB2 /* StorageService.swift */,
				C411227E29D9B19A0089F601 /* SettingsService.swift */,
				8455A6CD2878E45400B3D575 /* SoundManager.swift */,
				8455A6CF2878E62A00B3D575 /* VibrateManager.swift */,
			);
			path = Services;
			sourceTree = "<group>";
		};
		84595F892950C59400619DF7 /* Gifs */ = {
			isa = PBXGroup;
			children = (
				842204C4291FFBF80053DF54 /* kitten.gif */,
			);
			path = Gifs;
			sourceTree = "<group>";
		};
		849674B42774BD5600504D9D /* News App */ = {
			isa = PBXGroup;
			children = (
				C411227B29D9AA630089F601 /* Models */,
				8446A226281DA29400A95290 /* View */,
				8455A6D12878E63400B3D575 /* Services */,
				849674B72774C8F100504D9D /* Assemblyer.swift */,
			);
			path = "News App";
			sourceTree = "<group>";
		};
		84FA0F6B26C6350900FB1C34 = {
			isa = PBXGroup;
			children = (
				84FA0F7626C6350900FB1C34 /* FinamTest */,
				84FA0F7526C6350900FB1C34 /* Products */,
				84FA0F9026C6372600FB1C34 /* Frameworks */,
			);
			sourceTree = "<group>";
		};
		84FA0F7526C6350900FB1C34 /* Products */ = {
			isa = PBXGroup;
			children = (
				84FA0F7426C6350900FB1C34 /* ТехноНовости.app */,
			);
			name = Products;
			sourceTree = "<group>";
		};
		84FA0F7626C6350900FB1C34 /* FinamTest */ = {
			isa = PBXGroup;
			children = (
				8446A227281DA2FB00A95290 /* Helpers */,
				849674B42774BD5600504D9D /* News App */,
				84FA0F8826C6350D00FB1C34 /* Info.plist */,
				84FA0F8026C6350900FB1C34 /* FinamTest.xcdatamodeld */,
			);
			path = FinamTest;
			sourceTree = "<group>";
		};
		84FA0F9026C6372600FB1C34 /* Frameworks */ = {
			isa = PBXGroup;
			children = (
			);
			name = Frameworks;
			sourceTree = "<group>";
		};
		C411227B29D9AA630089F601 /* Models */ = {
			isa = PBXGroup;
			children = (
				849674B22774BD4700504D9D /* Model.swift */,
				C411227929D9AA460089F601 /* SettingsModel.swift */,
			);
			path = Models;
			sourceTree = "<group>";
		};
/* End PBXGroup section */

/* Begin PBXNativeTarget section */
		84FA0F7326C6350900FB1C34 /* ТехноНовости */ = {
			isa = PBXNativeTarget;
			buildConfigurationList = 84FA0F8B26C6350D00FB1C34 /* Build configuration list for PBXNativeTarget "ТехноНовости" */;
			buildPhases = (
				84FA0F7026C6350900FB1C34 /* Sources */,
				84FA0F7126C6350900FB1C34 /* Frameworks */,
				84FA0F7226C6350900FB1C34 /* Resources */,
				84FA0F9726C6372600FB1C34 /* Embed Frameworks */,
			);
			buildRules = (
			);
			dependencies = (
			);
			name = "ТехноНовости";
			productName = FinamTest;
			productReference = 84FA0F7426C6350900FB1C34 /* ТехноНовости.app */;
			productType = "com.apple.product-type.application";
		};
/* End PBXNativeTarget section */

/* Begin PBXProject section */
		84FA0F6C26C6350900FB1C34 /* Project object */ = {
			isa = PBXProject;
			attributes = {
				LastSwiftUpdateCheck = 1250;
				LastUpgradeCheck = 1250;
				TargetAttributes = {
					84FA0F7326C6350900FB1C34 = {
						CreatedOnToolsVersion = 12.5.1;
						LastSwiftMigration = 1320;
					};
				};
			};
			buildConfigurationList = 84FA0F6F26C6350900FB1C34 /* Build configuration list for PBXProject "ТехноНовости" */;
			compatibilityVersion = "Xcode 9.3";
			developmentRegion = en;
			hasScannedForEncodings = 0;
			knownRegions = (
				en,
				Base,
			);
			mainGroup = 84FA0F6B26C6350900FB1C34;
			productRefGroup = 84FA0F7526C6350900FB1C34 /* Products */;
			projectDirPath = "";
			projectRoot = "";
			targets = (
				84FA0F7326C6350900FB1C34 /* ТехноНовости */,
			);
		};
/* End PBXProject section */

/* Begin PBXResourcesBuildPhase section */
		84FA0F7226C6350900FB1C34 /* Resources */ = {
			isa = PBXResourcesBuildPhase;
			buildActionMask = 2147483647;
			files = (
				844F987D2878F89100859AEB /* jedy1.mp3 in Resources */,
				84BF945F281DAF3A008B9F57 /* LaunchScreen.storyboard in Resources */,
				84FA0F8426C6350D00FB1C34 /* Assets.xcassets in Resources */,
				844F987F2878F99000859AEB /* jedy2.mp3 in Resources */,
				842204C5291FFBF80053DF54 /* kitten.gif in Resources */,
				844F987B2878F80C00859AEB /* loaded.mp3 in Resources */,
				844F98732878EDC200859AEB /* error.mp3 in Resources */,
			);
			runOnlyForDeploymentPostprocessing = 0;
		};
/* End PBXResourcesBuildPhase section */

/* Begin PBXSourcesBuildPhase section */
		84FA0F7026C6350900FB1C34 /* Sources */ = {
			isa = PBXSourcesBuildPhase;
			buildActionMask = 2147483647;
			files = (
				C411227F29D9B19A0089F601 /* SettingsService.swift in Sources */,
				849674B32774BD4700504D9D /* Model.swift in Sources */,
				8446A223281DA20700A95290 /* Colors.swift in Sources */,
				C411227A29D9AA460089F601 /* SettingsModel.swift in Sources */,
				8455A6D02878E62A00B3D575 /* VibrateManager.swift in Sources */,
				84FA0FA326C642C000FB1C34 /* SelectedTopicViewController.swift in Sources */,
				84FA0F7C26C6350900FB1C34 /* NewsViewController.swift in Sources */,
				84FA0F8226C6350900FB1C34 /* FinamTest.xcdatamodeld in Sources */,
				84FA0F7826C6350900FB1C34 /* AppDelegate.swift in Sources */,
				84FA0F8F26C6362600FB1C34 /* TopicCell.swift in Sources */,
				846FC68C287987B50045FCB2 /* SettingsViewController.swift in Sources */,
				8455A6CE2878E45400B3D575 /* SoundManager.swift in Sources */,
				846FC68A2879748D0045FCB2 /* StorageService.swift in Sources */,
				84FA0F7A26C6350900FB1C34 /* SceneDelegate.swift in Sources */,
				849674B82774C8F100504D9D /* Assemblyer.swift in Sources */,
				8446A225281DA24C00A95290 /* Extensions.swift in Sources */,
				C411227829D9A9CC0089F601 /* SettingsCell.swift in Sources */,
				849674B62774BE2700504D9D /* InternetService.swift in Sources */,
			);
			runOnlyForDeploymentPostprocessing = 0;
		};
/* End PBXSourcesBuildPhase section */

/* Begin PBXVariantGroup section */
		84BF945D281DAF3A008B9F57 /* LaunchScreen.storyboard */ = {
			isa = PBXVariantGroup;
			children = (
				84BF945E281DAF3A008B9F57 /* Base */,
			);
			name = LaunchScreen.storyboard;
			sourceTree = "<group>";
		};
/* End PBXVariantGroup section */

/* Begin XCBuildConfiguration section */
		84FA0F8926C6350D00FB1C34 /* Debug */ = {
			isa = XCBuildConfiguration;
			buildSettings = {
				ALWAYS_SEARCH_USER_PATHS = NO;
				CLANG_ANALYZER_NONNULL = YES;
				CLANG_ANALYZER_NUMBER_OBJECT_CONVERSION = YES_AGGRESSIVE;
				CLANG_CXX_LANGUAGE_STANDARD = "gnu++14";
				CLANG_CXX_LIBRARY = "libc++";
				CLANG_ENABLE_MODULES = YES;
				CLANG_ENABLE_OBJC_ARC = YES;
				CLANG_ENABLE_OBJC_WEAK = YES;
				CLANG_WARN_BLOCK_CAPTURE_AUTORELEASING = YES;
				CLANG_WARN_BOOL_CONVERSION = YES;
				CLANG_WARN_COMMA = YES;
				CLANG_WARN_CONSTANT_CONVERSION = YES;
				CLANG_WARN_DEPRECATED_OBJC_IMPLEMENTATIONS = YES;
				CLANG_WARN_DIRECT_OBJC_ISA_USAGE = YES_ERROR;
				CLANG_WARN_DOCUMENTATION_COMMENTS = YES;
				CLANG_WARN_EMPTY_BODY = YES;
				CLANG_WARN_ENUM_CONVERSION = YES;
				CLANG_WARN_INFINITE_RECURSION = YES;
				CLANG_WARN_INT_CONVERSION = YES;
				CLANG_WARN_NON_LITERAL_NULL_CONVERSION = YES;
				CLANG_WARN_OBJC_IMPLICIT_RETAIN_SELF = YES;
				CLANG_WARN_OBJC_LITERAL_CONVERSION = YES;
				CLANG_WARN_OBJC_ROOT_CLASS = YES_ERROR;
				CLANG_WARN_QUOTED_INCLUDE_IN_FRAMEWORK_HEADER = YES;
				CLANG_WARN_RANGE_LOOP_ANALYSIS = YES;
				CLANG_WARN_STRICT_PROTOTYPES = YES;
				CLANG_WARN_SUSPICIOUS_MOVE = YES;
				CLANG_WARN_UNGUARDED_AVAILABILITY = YES_AGGRESSIVE;
				CLANG_WARN_UNREACHABLE_CODE = YES;
				CLANG_WARN__DUPLICATE_METHOD_MATCH = YES;
				COPY_PHASE_STRIP = NO;
				DEBUG_INFORMATION_FORMAT = dwarf;
				ENABLE_STRICT_OBJC_MSGSEND = YES;
				ENABLE_TESTABILITY = YES;
				GCC_C_LANGUAGE_STANDARD = gnu11;
				GCC_DYNAMIC_NO_PIC = NO;
				GCC_NO_COMMON_BLOCKS = YES;
				GCC_OPTIMIZATION_LEVEL = 0;
				GCC_PREPROCESSOR_DEFINITIONS = (
					"DEBUG=1",
					"$(inherited)",
				);
				GCC_WARN_64_TO_32_BIT_CONVERSION = YES;
				GCC_WARN_ABOUT_RETURN_TYPE = YES_ERROR;
				GCC_WARN_UNDECLARED_SELECTOR = YES;
				GCC_WARN_UNINITIALIZED_AUTOS = YES_AGGRESSIVE;
				GCC_WARN_UNUSED_FUNCTION = YES;
				GCC_WARN_UNUSED_VARIABLE = YES;
				IPHONEOS_DEPLOYMENT_TARGET = 15.0;
				MTL_ENABLE_DEBUG_INFO = INCLUDE_SOURCE;
				MTL_FAST_MATH = YES;
				ONLY_ACTIVE_ARCH = YES;
				SDKROOT = iphoneos;
				SWIFT_ACTIVE_COMPILATION_CONDITIONS = DEBUG;
				SWIFT_OPTIMIZATION_LEVEL = "-Onone";
			};
			name = Debug;
		};
		84FA0F8A26C6350D00FB1C34 /* Release */ = {
			isa = XCBuildConfiguration;
			buildSettings = {
				ALWAYS_SEARCH_USER_PATHS = NO;
				CLANG_ANALYZER_NONNULL = YES;
				CLANG_ANALYZER_NUMBER_OBJECT_CONVERSION = YES_AGGRESSIVE;
				CLANG_CXX_LANGUAGE_STANDARD = "gnu++14";
				CLANG_CXX_LIBRARY = "libc++";
				CLANG_ENABLE_MODULES = YES;
				CLANG_ENABLE_OBJC_ARC = YES;
				CLANG_ENABLE_OBJC_WEAK = YES;
				CLANG_WARN_BLOCK_CAPTURE_AUTORELEASING = YES;
				CLANG_WARN_BOOL_CONVERSION = YES;
				CLANG_WARN_COMMA = YES;
				CLANG_WARN_CONSTANT_CONVERSION = YES;
				CLANG_WARN_DEPRECATED_OBJC_IMPLEMENTATIONS = YES;
				CLANG_WARN_DIRECT_OBJC_ISA_USAGE = YES_ERROR;
				CLANG_WARN_DOCUMENTATION_COMMENTS = YES;
				CLANG_WARN_EMPTY_BODY = YES;
				CLANG_WARN_ENUM_CONVERSION = YES;
				CLANG_WARN_INFINITE_RECURSION = YES;
				CLANG_WARN_INT_CONVERSION = YES;
				CLANG_WARN_NON_LITERAL_NULL_CONVERSION = YES;
				CLANG_WARN_OBJC_IMPLICIT_RETAIN_SELF = YES;
				CLANG_WARN_OBJC_LITERAL_CONVERSION = YES;
				CLANG_WARN_OBJC_ROOT_CLASS = YES_ERROR;
				CLANG_WARN_QUOTED_INCLUDE_IN_FRAMEWORK_HEADER = YES;
				CLANG_WARN_RANGE_LOOP_ANALYSIS = YES;
				CLANG_WARN_STRICT_PROTOTYPES = YES;
				CLANG_WARN_SUSPICIOUS_MOVE = YES;
				CLANG_WARN_UNGUARDED_AVAILABILITY = YES_AGGRESSIVE;
				CLANG_WARN_UNREACHABLE_CODE = YES;
				CLANG_WARN__DUPLICATE_METHOD_MATCH = YES;
				COPY_PHASE_STRIP = NO;
				DEBUG_INFORMATION_FORMAT = "dwarf-with-dsym";
				ENABLE_NS_ASSERTIONS = NO;
				ENABLE_STRICT_OBJC_MSGSEND = YES;
				GCC_C_LANGUAGE_STANDARD = gnu11;
				GCC_NO_COMMON_BLOCKS = YES;
				GCC_WARN_64_TO_32_BIT_CONVERSION = YES;
				GCC_WARN_ABOUT_RETURN_TYPE = YES_ERROR;
				GCC_WARN_UNDECLARED_SELECTOR = YES;
				GCC_WARN_UNINITIALIZED_AUTOS = YES_AGGRESSIVE;
				GCC_WARN_UNUSED_FUNCTION = YES;
				GCC_WARN_UNUSED_VARIABLE = YES;
				IPHONEOS_DEPLOYMENT_TARGET = 15.0;
				MTL_ENABLE_DEBUG_INFO = NO;
				MTL_FAST_MATH = YES;
				SDKROOT = iphoneos;
				SWIFT_COMPILATION_MODE = wholemodule;
				SWIFT_OPTIMIZATION_LEVEL = "-O";
				VALIDATE_PRODUCT = YES;
			};
			name = Release;
		};
		84FA0F8C26C6350D00FB1C34 /* Debug */ = {
			isa = XCBuildConfiguration;
			buildSettings = {
				ASSETCATALOG_COMPILER_APPICON_NAME = AppIcon;
				ASSETCATALOG_COMPILER_GLOBAL_ACCENT_COLOR_NAME = AccentColor;
				CLANG_ENABLE_MODULES = YES;
				CODE_SIGN_STYLE = Automatic;
				DEVELOPMENT_TEAM = 62XGY8QWW9;
				INFOPLIST_FILE = FinamTest/Info.plist;
				LD_RUNPATH_SEARCH_PATHS = (
					"$(inherited)",
					"@executable_path/Frameworks",
				);
				MARKETING_VERSION = 1.4;
				PRODUCT_BUNDLE_IDENTIFIER = "-77.FinamTest";
				PRODUCT_NAME = "$(TARGET_NAME)";
				SWIFT_OPTIMIZATION_LEVEL = "-Onone";
				SWIFT_VERSION = 5.0;
				TARGETED_DEVICE_FAMILY = "1,2";
			};
			name = Debug;
		};
		84FA0F8D26C6350D00FB1C34 /* Release */ = {
			isa = XCBuildConfiguration;
			buildSettings = {
				ASSETCATALOG_COMPILER_APPICON_NAME = AppIcon;
				ASSETCATALOG_COMPILER_GLOBAL_ACCENT_COLOR_NAME = AccentColor;
				CLANG_ENABLE_MODULES = YES;
				CODE_SIGN_STYLE = Automatic;
				DEVELOPMENT_TEAM = 62XGY8QWW9;
				INFOPLIST_FILE = FinamTest/Info.plist;
				LD_RUNPATH_SEARCH_PATHS = (
					"$(inherited)",
					"@executable_path/Frameworks",
				);
				MARKETING_VERSION = 1.4;
				PRODUCT_BUNDLE_IDENTIFIER = "-77.FinamTest";
				PRODUCT_NAME = "$(TARGET_NAME)";
				SWIFT_VERSION = 5.0;
				TARGETED_DEVICE_FAMILY = "1,2";
			};
			name = Release;
		};
/* End XCBuildConfiguration section */

/* Begin XCConfigurationList section */
		84FA0F6F26C6350900FB1C34 /* Build configuration list for PBXProject "ТехноНовости" */ = {
			isa = XCConfigurationList;
			buildConfigurations = (
				84FA0F8926C6350D00FB1C34 /* Debug */,
				84FA0F8A26C6350D00FB1C34 /* Release */,
			);
			defaultConfigurationIsVisible = 0;
			defaultConfigurationName = Release;
		};
		84FA0F8B26C6350D00FB1C34 /* Build configuration list for PBXNativeTarget "ТехноНовости" */ = {
			isa = XCConfigurationList;
			buildConfigurations = (
				84FA0F8C26C6350D00FB1C34 /* Debug */,
				84FA0F8D26C6350D00FB1C34 /* Release */,
			);
			defaultConfigurationIsVisible = 0;
			defaultConfigurationName = Release;
		};
/* End XCConfigurationList section */

/* Begin XCVersionGroup section */
		84FA0F8026C6350900FB1C34 /* FinamTest.xcdatamodeld */ = {
			isa = XCVersionGroup;
			children = (
				84FA0F8126C6350900FB1C34 /* FinamTest.xcdatamodel */,
			);
			currentVersion = 84FA0F8126C6350900FB1C34 /* FinamTest.xcdatamodel */;
			path = FinamTest.xcdatamodeld;
			sourceTree = "<group>";
			versionGroupType = wrapper.xcdatamodel;
		};
/* End XCVersionGroup section */
	};
	rootObject = 84FA0F6C26C6350900FB1C34 /* Project object */;
}
