// !$*UTF8*$!
{
	archiveVersion = 1;
	classes = {
	};
	objectVersion = 54;
	objects = {

/* Begin PBXBuildFile section */
		C41CF9ED2AE99C6B005C288B /* Launch Screen.storyboard in Resources */ = {isa = PBXBuildFile; fileRef = C41CF9EC2AE99C6B005C288B /* Launch Screen.storyboard */; };
		C457B53E2AE91E43005C6B59 /* AppDelegate.swift in Sources */ = {isa = PBXBuildFile; fileRef = 84FA0F7726C6350900FB1C34 /* AppDelegate.swift */; };
		C457B53F2AE91E43005C6B59 /* SceneDelegate.swift in Sources */ = {isa = PBXBuildFile; fileRef = 84FA0F7926C6350900FB1C34 /* SceneDelegate.swift */; };
		C457B5402AE91E43005C6B59 /* Extensions.swift in Sources */ = {isa = PBXBuildFile; fileRef = 8446A224281DA24C00A95290 /* Extensions.swift */; };
		C457B5412AE91E43005C6B59 /* Colors.swift in Sources */ = {isa = PBXBuildFile; fileRef = 8446A222281DA20700A95290 /* Colors.swift */; };
		C457B5422AE91E4A005C6B59 /* Model.swift in Sources */ = {isa = PBXBuildFile; fileRef = 849674B22774BD4700504D9D /* Model.swift */; };
		C457B5432AE91E4A005C6B59 /* SettingsModel.swift in Sources */ = {isa = PBXBuildFile; fileRef = C411227929D9AA460089F601 /* SettingsModel.swift */; };
		C457B5442AE91E4F005C6B59 /* NewsViewController.swift in Sources */ = {isa = PBXBuildFile; fileRef = 84FA0F7B26C6350900FB1C34 /* NewsViewController.swift */; };
		C457B5452AE91E4F005C6B59 /* TopicViewController.swift in Sources */ = {isa = PBXBuildFile; fileRef = 84FA0FA226C642C000FB1C34 /* TopicViewController.swift */; };
		C457B5462AE91E4F005C6B59 /* SettingsViewController.swift in Sources */ = {isa = PBXBuildFile; fileRef = 846FC68B287987B50045FCB2 /* SettingsViewController.swift */; };
		C457B5472AE91E4F005C6B59 /* SettingsCell.swift in Sources */ = {isa = PBXBuildFile; fileRef = C411227729D9A9CC0089F601 /* SettingsCell.swift */; };
		C457B5482AE91E4F005C6B59 /* TopicCell.swift in Sources */ = {isa = PBXBuildFile; fileRef = 84FA0F8E26C6362600FB1C34 /* TopicCell.swift */; };
		C457B54A2AE91E55005C6B59 /* InternetService.swift in Sources */ = {isa = PBXBuildFile; fileRef = 849674B52774BE2700504D9D /* InternetService.swift */; };
		C457B54B2AE91E55005C6B59 /* StorageService.swift in Sources */ = {isa = PBXBuildFile; fileRef = 846FC6892879748D0045FCB2 /* StorageService.swift */; };
		C457B54C2AE91E55005C6B59 /* SoundManager.swift in Sources */ = {isa = PBXBuildFile; fileRef = 8455A6CD2878E45400B3D575 /* SoundManager.swift */; };
		C457B54D2AE91E55005C6B59 /* VibrateManager.swift in Sources */ = {isa = PBXBuildFile; fileRef = 8455A6CF2878E62A00B3D575 /* VibrateManager.swift */; };
		C457B54E2AE91E55005C6B59 /* Assemblyer.swift in Sources */ = {isa = PBXBuildFile; fileRef = 849674B72774C8F100504D9D /* Assemblyer.swift */; };
		C457B54F2AE91E96005C6B59 /* Assets.xcassets in Resources */ = {isa = PBXBuildFile; fileRef = 84FA0F8326C6350D00FB1C34 /* Assets.xcassets */; };
		C457B5512AE91E9D005C6B59 /* loaded.mp3 in Resources */ = {isa = PBXBuildFile; fileRef = 844F987A2878F80C00859AEB /* loaded.mp3 */; };
		C457B5522AE91E9D005C6B59 /* error.mp3 in Resources */ = {isa = PBXBuildFile; fileRef = 844F98722878EDC200859AEB /* error.mp3 */; };
		C457B5532AE91E9D005C6B59 /* jedy1.mp3 in Resources */ = {isa = PBXBuildFile; fileRef = 844F987C2878F89100859AEB /* jedy1.mp3 */; };
		C457B5542AE91E9D005C6B59 /* jedy2.mp3 in Resources */ = {isa = PBXBuildFile; fileRef = 844F987E2878F99000859AEB /* jedy2.mp3 */; };
		C457B55E2AE96ECB005C6B59 /* kitten.gif in Resources */ = {isa = PBXBuildFile; fileRef = C457B55D2AE96ECB005C6B59 /* kitten.gif */; };
		C457B5972AE98F8C005C6B59 /* WidgetKit.framework in Frameworks */ = {isa = PBXBuildFile; fileRef = C457B52A2AE91A6D005C6B59 /* WidgetKit.framework */; };
		C457B5982AE98F8C005C6B59 /* SwiftUI.framework in Frameworks */ = {isa = PBXBuildFile; fileRef = C457B52C2AE91A6D005C6B59 /* SwiftUI.framework */; };
		C457B59B2AE98F8D005C6B59 /* NewsWidgetBundle.swift in Sources */ = {isa = PBXBuildFile; fileRef = C457B59A2AE98F8D005C6B59 /* NewsWidgetBundle.swift */; };
		C457B59D2AE98F8D005C6B59 /* NewsWidget.swift in Sources */ = {isa = PBXBuildFile; fileRef = C457B59C2AE98F8D005C6B59 /* NewsWidget.swift */; };
		C457B59F2AE98F8E005C6B59 /* Assets.xcassets in Resources */ = {isa = PBXBuildFile; fileRef = C457B59E2AE98F8E005C6B59 /* Assets.xcassets */; };
		C457B5A32AE98F8E005C6B59 /* NewsWidgetExtension.appex in Embed Foundation Extensions */ = {isa = PBXBuildFile; fileRef = C457B5962AE98F8C005C6B59 /* NewsWidgetExtension.appex */; settings = {ATTRIBUTES = (RemoveHeadersOnCopy, ); }; };
		C49F1E432AEAA3EB0086FBBE /* notification.mp3 in Resources */ = {isa = PBXBuildFile; fileRef = C49F1E422AEAA3EB0086FBBE /* notification.mp3 */; };
/* End PBXBuildFile section */

/* Begin PBXContainerItemProxy section */
		C457B5A12AE98F8E005C6B59 /* PBXContainerItemProxy */ = {
			isa = PBXContainerItemProxy;
			containerPortal = 84FA0F6C26C6350900FB1C34 /* Project object */;
			proxyType = 1;
			remoteGlobalIDString = C457B5952AE98F8C005C6B59;
			remoteInfo = NewsWidgetExtension;
		};
/* End PBXContainerItemProxy section */

/* Begin PBXCopyFilesBuildPhase section */
		84FA0F9726C6372600FB1C34 /* Embed Frameworks */ = {
			isa = PBXCopyFilesBuildPhase;
			buildActionMask = 2147483647;
			dstPath = "";
			dstSubfolderSpec = 10;
			files = (
			);
			name = "Embed Frameworks";
			runOnlyForDeploymentPostprocessing = 0;
		};
		C457B5392AE91A6F005C6B59 /* Embed Foundation Extensions */ = {
			isa = PBXCopyFilesBuildPhase;
			buildActionMask = 2147483647;
			dstPath = "";
			dstSubfolderSpec = 13;
			files = (
				C457B5A32AE98F8E005C6B59 /* NewsWidgetExtension.appex in Embed Foundation Extensions */,
			);
			name = "Embed Foundation Extensions";
			runOnlyForDeploymentPostprocessing = 0;
		};
/* End PBXCopyFilesBuildPhase section */

/* Begin PBXFileReference section */
		8446A222281DA20700A95290 /* Colors.swift */ = {isa = PBXFileReference; lastKnownFileType = sourcecode.swift; path = Colors.swift; sourceTree = "<group>"; };
		8446A224281DA24C00A95290 /* Extensions.swift */ = {isa = PBXFileReference; lastKnownFileType = sourcecode.swift; path = Extensions.swift; sourceTree = "<group>"; };
		844F98722878EDC200859AEB /* error.mp3 */ = {isa = PBXFileReference; lastKnownFileType = audio.mp3; path = error.mp3; sourceTree = "<group>"; };
		844F987A2878F80C00859AEB /* loaded.mp3 */ = {isa = PBXFileReference; lastKnownFileType = audio.mp3; path = loaded.mp3; sourceTree = "<group>"; };
		844F987C2878F89100859AEB /* jedy1.mp3 */ = {isa = PBXFileReference; lastKnownFileType = audio.mp3; path = jedy1.mp3; sourceTree = "<group>"; };
		844F987E2878F99000859AEB /* jedy2.mp3 */ = {isa = PBXFileReference; lastKnownFileType = audio.mp3; path = jedy2.mp3; sourceTree = "<group>"; };
		8455A6CD2878E45400B3D575 /* SoundManager.swift */ = {isa = PBXFileReference; lastKnownFileType = sourcecode.swift; path = SoundManager.swift; sourceTree = "<group>"; };
		8455A6CF2878E62A00B3D575 /* VibrateManager.swift */ = {isa = PBXFileReference; lastKnownFileType = sourcecode.swift; path = VibrateManager.swift; sourceTree = "<group>"; };
		846FC6892879748D0045FCB2 /* StorageService.swift */ = {isa = PBXFileReference; lastKnownFileType = sourcecode.swift; path = StorageService.swift; sourceTree = "<group>"; };
		846FC68B287987B50045FCB2 /* SettingsViewController.swift */ = {isa = PBXFileReference; lastKnownFileType = sourcecode.swift; path = SettingsViewController.swift; sourceTree = "<group>"; };
		849674B22774BD4700504D9D /* Model.swift */ = {isa = PBXFileReference; lastKnownFileType = sourcecode.swift; path = Model.swift; sourceTree = "<group>"; };
		849674B52774BE2700504D9D /* InternetService.swift */ = {isa = PBXFileReference; lastKnownFileType = sourcecode.swift; path = InternetService.swift; sourceTree = "<group>"; };
		849674B72774C8F100504D9D /* Assemblyer.swift */ = {isa = PBXFileReference; lastKnownFileType = sourcecode.swift; path = Assemblyer.swift; sourceTree = "<group>"; };
		84FA0F7426C6350900FB1C34 /* News.app */ = {isa = PBXFileReference; explicitFileType = wrapper.application; includeInIndex = 0; path = News.app; sourceTree = BUILT_PRODUCTS_DIR; };
		84FA0F7726C6350900FB1C34 /* AppDelegate.swift */ = {isa = PBXFileReference; lastKnownFileType = sourcecode.swift; path = AppDelegate.swift; sourceTree = "<group>"; };
		84FA0F7926C6350900FB1C34 /* SceneDelegate.swift */ = {isa = PBXFileReference; lastKnownFileType = sourcecode.swift; path = SceneDelegate.swift; sourceTree = "<group>"; };
		84FA0F7B26C6350900FB1C34 /* NewsViewController.swift */ = {isa = PBXFileReference; lastKnownFileType = sourcecode.swift; path = NewsViewController.swift; sourceTree = "<group>"; };
		84FA0F8326C6350D00FB1C34 /* Assets.xcassets */ = {isa = PBXFileReference; lastKnownFileType = folder.assetcatalog; path = Assets.xcassets; sourceTree = "<group>"; };
		84FA0F8826C6350D00FB1C34 /* Info.plist */ = {isa = PBXFileReference; lastKnownFileType = text.plist.xml; path = Info.plist; sourceTree = "<group>"; };
		84FA0F8E26C6362600FB1C34 /* TopicCell.swift */ = {isa = PBXFileReference; lastKnownFileType = sourcecode.swift; path = TopicCell.swift; sourceTree = "<group>"; };
		84FA0FA226C642C000FB1C34 /* TopicViewController.swift */ = {isa = PBXFileReference; lastKnownFileType = sourcecode.swift; path = TopicViewController.swift; sourceTree = "<group>"; };
		C411227729D9A9CC0089F601 /* SettingsCell.swift */ = {isa = PBXFileReference; lastKnownFileType = sourcecode.swift; path = SettingsCell.swift; sourceTree = "<group>"; };
		C411227929D9AA460089F601 /* SettingsModel.swift */ = {isa = PBXFileReference; lastKnownFileType = sourcecode.swift; path = SettingsModel.swift; sourceTree = "<group>"; };
		C41CF9EC2AE99C6B005C288B /* Launch Screen.storyboard */ = {isa = PBXFileReference; lastKnownFileType = file.storyboard; path = "Launch Screen.storyboard"; sourceTree = "<group>"; };
		C457B52A2AE91A6D005C6B59 /* WidgetKit.framework */ = {isa = PBXFileReference; lastKnownFileType = wrapper.framework; name = WidgetKit.framework; path = System/Library/Frameworks/WidgetKit.framework; sourceTree = SDKROOT; };
		C457B52C2AE91A6D005C6B59 /* SwiftUI.framework */ = {isa = PBXFileReference; lastKnownFileType = wrapper.framework; name = SwiftUI.framework; path = System/Library/Frameworks/SwiftUI.framework; sourceTree = SDKROOT; };
		C457B55D2AE96ECB005C6B59 /* kitten.gif */ = {isa = PBXFileReference; lastKnownFileType = image.gif; path = kitten.gif; sourceTree = "<group>"; };
		C457B5962AE98F8C005C6B59 /* NewsWidgetExtension.appex */ = {isa = PBXFileReference; explicitFileType = "wrapper.app-extension"; includeInIndex = 0; path = NewsWidgetExtension.appex; sourceTree = BUILT_PRODUCTS_DIR; };
		C457B59A2AE98F8D005C6B59 /* NewsWidgetBundle.swift */ = {isa = PBXFileReference; lastKnownFileType = sourcecode.swift; path = NewsWidgetBundle.swift; sourceTree = "<group>"; };
		C457B59C2AE98F8D005C6B59 /* NewsWidget.swift */ = {isa = PBXFileReference; lastKnownFileType = sourcecode.swift; path = NewsWidget.swift; sourceTree = "<group>"; };
		C457B59E2AE98F8E005C6B59 /* Assets.xcassets */ = {isa = PBXFileReference; lastKnownFileType = folder.assetcatalog; path = Assets.xcassets; sourceTree = "<group>"; };
		C457B5A02AE98F8E005C6B59 /* Info.plist */ = {isa = PBXFileReference; lastKnownFileType = text.plist.xml; path = Info.plist; sourceTree = "<group>"; };
		C49F1E422AEAA3EB0086FBBE /* notification.mp3 */ = {isa = PBXFileReference; lastKnownFileType = audio.mp3; path = notification.mp3; sourceTree = "<group>"; };
/* End PBXFileReference section */

/* Begin PBXFrameworksBuildPhase section */
		84FA0F7126C6350900FB1C34 /* Frameworks */ = {
			isa = PBXFrameworksBuildPhase;
			buildActionMask = 2147483647;
			files = (
			);
			runOnlyForDeploymentPostprocessing = 0;
		};
		C457B5932AE98F8C005C6B59 /* Frameworks */ = {
			isa = PBXFrameworksBuildPhase;
			buildActionMask = 2147483647;
			files = (
				C457B5982AE98F8C005C6B59 /* SwiftUI.framework in Frameworks */,
				C457B5972AE98F8C005C6B59 /* WidgetKit.framework in Frameworks */,
			);
			runOnlyForDeploymentPostprocessing = 0;
		};
/* End PBXFrameworksBuildPhase section */

/* Begin PBXGroup section */
		8446A226281DA29400A95290 /* View */ = {
			isa = PBXGroup;
			children = (
				84FA0F7B26C6350900FB1C34 /* NewsViewController.swift */,
				84FA0FA226C642C000FB1C34 /* TopicViewController.swift */,
				846FC68B287987B50045FCB2 /* SettingsViewController.swift */,
				C411227729D9A9CC0089F601 /* SettingsCell.swift */,
				84FA0F8E26C6362600FB1C34 /* TopicCell.swift */,
			);
			path = View;
			sourceTree = "<group>";
		};
		8446A227281DA2FB00A95290 /* Helpers */ = {
			isa = PBXGroup;
			children = (
				84FA0F7726C6350900FB1C34 /* AppDelegate.swift */,
				84FA0F7926C6350900FB1C34 /* SceneDelegate.swift */,
				8446A224281DA24C00A95290 /* Extensions.swift */,
				8446A222281DA20700A95290 /* Colors.swift */,
				84FA0F8326C6350D00FB1C34 /* Assets.xcassets */,
				C41CF9EC2AE99C6B005C288B /* Launch Screen.storyboard */,
				84595F892950C59400619DF7 /* Gifs */,
				844F98802878F99700859AEB /* Sounds */,
			);
			path = Helpers;
			sourceTree = "<group>";
		};
		844F98802878F99700859AEB /* Sounds */ = {
			isa = PBXGroup;
			children = (
				844F987A2878F80C00859AEB /* loaded.mp3 */,
				844F98722878EDC200859AEB /* error.mp3 */,
				844F987C2878F89100859AEB /* jedy1.mp3 */,
				844F987E2878F99000859AEB /* jedy2.mp3 */,
				C49F1E422AEAA3EB0086FBBE /* notification.mp3 */,
			);
			path = Sounds;
			sourceTree = "<group>";
		};
		8455A6D12878E63400B3D575 /* Services */ = {
			isa = PBXGroup;
			children = (
				849674B52774BE2700504D9D /* InternetService.swift */,
				846FC6892879748D0045FCB2 /* StorageService.swift */,
				8455A6CD2878E45400B3D575 /* SoundManager.swift */,
				8455A6CF2878E62A00B3D575 /* VibrateManager.swift */,
			);
			path = Services;
			sourceTree = "<group>";
		};
		84595F892950C59400619DF7 /* Gifs */ = {
			isa = PBXGroup;
			children = (
				C457B55D2AE96ECB005C6B59 /* kitten.gif */,
			);
			path = Gifs;
			sourceTree = "<group>";
		};
		849674B42774BD5600504D9D /* MVC */ = {
			isa = PBXGroup;
			children = (
				C411227B29D9AA630089F601 /* Models */,
				8446A226281DA29400A95290 /* View */,
				8455A6D12878E63400B3D575 /* Services */,
				849674B72774C8F100504D9D /* Assemblyer.swift */,
			);
			path = MVC;
			sourceTree = "<group>";
		};
		84FA0F6B26C6350900FB1C34 = {
			isa = PBXGroup;
			children = (
				84FA0F7626C6350900FB1C34 /* App */,
				C457B5992AE98F8D005C6B59 /* NewsWidget */,
				84FA0F7526C6350900FB1C34 /* Products */,
				84FA0F9026C6372600FB1C34 /* Frameworks */,
			);
			sourceTree = "<group>";
		};
		84FA0F7526C6350900FB1C34 /* Products */ = {
			isa = PBXGroup;
			children = (
				84FA0F7426C6350900FB1C34 /* News.app */,
				C457B5962AE98F8C005C6B59 /* NewsWidgetExtension.appex */,
			);
			name = Products;
			sourceTree = "<group>";
		};
		84FA0F7626C6350900FB1C34 /* App */ = {
			isa = PBXGroup;
			children = (
				8446A227281DA2FB00A95290 /* Helpers */,
				849674B42774BD5600504D9D /* MVC */,
				84FA0F8826C6350D00FB1C34 /* Info.plist */,
			);
			path = App;
			sourceTree = "<group>";
		};
		84FA0F9026C6372600FB1C34 /* Frameworks */ = {
			isa = PBXGroup;
			children = (
				C457B52A2AE91A6D005C6B59 /* WidgetKit.framework */,
				C457B52C2AE91A6D005C6B59 /* SwiftUI.framework */,
			);
			name = Frameworks;
			sourceTree = "<group>";
		};
		C411227B29D9AA630089F601 /* Models */ = {
			isa = PBXGroup;
			children = (
				849674B22774BD4700504D9D /* Model.swift */,
				C411227929D9AA460089F601 /* SettingsModel.swift */,
			);
			path = Models;
			sourceTree = "<group>";
		};
		C457B5992AE98F8D005C6B59 /* NewsWidget */ = {
			isa = PBXGroup;
			children = (
				C457B59A2AE98F8D005C6B59 /* NewsWidgetBundle.swift */,
				C457B59C2AE98F8D005C6B59 /* NewsWidget.swift */,
				C457B59E2AE98F8E005C6B59 /* Assets.xcassets */,
				C457B5A02AE98F8E005C6B59 /* Info.plist */,
			);
			path = NewsWidget;
			sourceTree = "<group>";
		};
/* End PBXGroup section */

/* Begin PBXNativeTarget section */
		84FA0F7326C6350900FB1C34 /* News */ = {
			isa = PBXNativeTarget;
			buildConfigurationList = 84FA0F8B26C6350D00FB1C34 /* Build configuration list for PBXNativeTarget "News" */;
			buildPhases = (
				84FA0F7026C6350900FB1C34 /* Sources */,
				84FA0F7126C6350900FB1C34 /* Frameworks */,
				84FA0F7226C6350900FB1C34 /* Resources */,
				84FA0F9726C6372600FB1C34 /* Embed Frameworks */,
				C457B5392AE91A6F005C6B59 /* Embed Foundation Extensions */,
			);
			buildRules = (
			);
			dependencies = (
				C457B5A22AE98F8E005C6B59 /* PBXTargetDependency */,
			);
			name = News;
			packageProductDependencies = (
			);
			productName = FinamTest;
			productReference = 84FA0F7426C6350900FB1C34 /* News.app */;
			productType = "com.apple.product-type.application";
		};
		C457B5952AE98F8C005C6B59 /* NewsWidgetExtension */ = {
			isa = PBXNativeTarget;
			buildConfigurationList = C457B5A42AE98F8F005C6B59 /* Build configuration list for PBXNativeTarget "NewsWidgetExtension" */;
			buildPhases = (
				C457B5922AE98F8C005C6B59 /* Sources */,
				C457B5932AE98F8C005C6B59 /* Frameworks */,
				C457B5942AE98F8C005C6B59 /* Resources */,
			);
			buildRules = (
			);
			dependencies = (
			);
			name = NewsWidgetExtension;
			productName = NewsWidgetExtension;
			productReference = C457B5962AE98F8C005C6B59 /* NewsWidgetExtension.appex */;
			productType = "com.apple.product-type.app-extension";
		};
/* End PBXNativeTarget section */

/* Begin PBXProject section */
		84FA0F6C26C6350900FB1C34 /* Project object */ = {
			isa = PBXProject;
			attributes = {
				BuildIndependentTargetsInParallel = YES;
				LastSwiftUpdateCheck = 1500;
				LastUpgradeCheck = 1500;
				TargetAttributes = {
					84FA0F7326C6350900FB1C34 = {
						CreatedOnToolsVersion = 12.5.1;
						LastSwiftMigration = 1320;
					};
					C457B5952AE98F8C005C6B59 = {
						CreatedOnToolsVersion = 15.0;
					};
				};
			};
			buildConfigurationList = 84FA0F6F26C6350900FB1C34 /* Build configuration list for PBXProject "News" */;
			compatibilityVersion = "Xcode 9.3";
			developmentRegion = en;
			hasScannedForEncodings = 0;
			knownRegions = (
				en,
				Base,
			);
			mainGroup = 84FA0F6B26C6350900FB1C34;
			packageReferences = (
			);
			productRefGroup = 84FA0F7526C6350900FB1C34 /* Products */;
			projectDirPath = "";
			projectRoot = "";
			targets = (
				84FA0F7326C6350900FB1C34 /* News */,
				C457B5952AE98F8C005C6B59 /* NewsWidgetExtension */,
			);
		};
/* End PBXProject section */

/* Begin PBXResourcesBuildPhase section */
		84FA0F7226C6350900FB1C34 /* Resources */ = {
			isa = PBXResourcesBuildPhase;
			buildActionMask = 2147483647;
			files = (
				C457B5512AE91E9D005C6B59 /* loaded.mp3 in Resources */,
				C457B5522AE91E9D005C6B59 /* error.mp3 in Resources */,
				C457B5532AE91E9D005C6B59 /* jedy1.mp3 in Resources */,
				C457B5542AE91E9D005C6B59 /* jedy2.mp3 in Resources */,
				C457B55E2AE96ECB005C6B59 /* kitten.gif in Resources */,
				C49F1E432AEAA3EB0086FBBE /* notification.mp3 in Resources */,
				C457B54F2AE91E96005C6B59 /* Assets.xcassets in Resources */,
				C41CF9ED2AE99C6B005C288B /* Launch Screen.storyboard in Resources */,
			);
			runOnlyForDeploymentPostprocessing = 0;
		};
		C457B5942AE98F8C005C6B59 /* Resources */ = {
			isa = PBXResourcesBuildPhase;
			buildActionMask = 2147483647;
			files = (
				C457B59F2AE98F8E005C6B59 /* Assets.xcassets in Resources */,
			);
			runOnlyForDeploymentPostprocessing = 0;
		};
/* End PBXResourcesBuildPhase section */

/* Begin PBXSourcesBuildPhase section */
		84FA0F7026C6350900FB1C34 /* Sources */ = {
			isa = PBXSourcesBuildPhase;
			buildActionMask = 2147483647;
			files = (
				C457B54A2AE91E55005C6B59 /* InternetService.swift in Sources */,
				C457B54B2AE91E55005C6B59 /* StorageService.swift in Sources */,
				C457B54C2AE91E55005C6B59 /* SoundManager.swift in Sources */,
				C457B54D2AE91E55005C6B59 /* VibrateManager.swift in Sources */,
				C457B54E2AE91E55005C6B59 /* Assemblyer.swift in Sources */,
				C457B5442AE91E4F005C6B59 /* NewsViewController.swift in Sources */,
				C457B5452AE91E4F005C6B59 /* TopicViewController.swift in Sources */,
				C457B5462AE91E4F005C6B59 /* SettingsViewController.swift in Sources */,
				C457B5472AE91E4F005C6B59 /* SettingsCell.swift in Sources */,
				C457B5482AE91E4F005C6B59 /* TopicCell.swift in Sources */,
				C457B5422AE91E4A005C6B59 /* Model.swift in Sources */,
				C457B5432AE91E4A005C6B59 /* SettingsModel.swift in Sources */,
				C457B53E2AE91E43005C6B59 /* AppDelegate.swift in Sources */,
				C457B53F2AE91E43005C6B59 /* SceneDelegate.swift in Sources */,
				C457B5402AE91E43005C6B59 /* Extensions.swift in Sources */,
				C457B5412AE91E43005C6B59 /* Colors.swift in Sources */,
			);
			runOnlyForDeploymentPostprocessing = 0;
		};
		C457B5922AE98F8C005C6B59 /* Sources */ = {
			isa = PBXSourcesBuildPhase;
			buildActionMask = 2147483647;
			files = (
				C457B59D2AE98F8D005C6B59 /* NewsWidget.swift in Sources */,
				C457B59B2AE98F8D005C6B59 /* NewsWidgetBundle.swift in Sources */,
			);
			runOnlyForDeploymentPostprocessing = 0;
		};
/* End PBXSourcesBuildPhase section */

/* Begin PBXTargetDependency section */
		C457B5A22AE98F8E005C6B59 /* PBXTargetDependency */ = {
			isa = PBXTargetDependency;
			target = C457B5952AE98F8C005C6B59 /* NewsWidgetExtension */;
			targetProxy = C457B5A12AE98F8E005C6B59 /* PBXContainerItemProxy */;
		};
/* End PBXTargetDependency section */

/* Begin XCBuildConfiguration section */
		84FA0F8926C6350D00FB1C34 /* Debug */ = {
			isa = XCBuildConfiguration;
			buildSettings = {
				ALWAYS_SEARCH_USER_PATHS = NO;
				CLANG_ANALYZER_NONNULL = YES;
				CLANG_ANALYZER_NUMBER_OBJECT_CONVERSION = YES_AGGRESSIVE;
				CLANG_CXX_LANGUAGE_STANDARD = "gnu++14";
				CLANG_CXX_LIBRARY = "libc++";
				CLANG_ENABLE_MODULES = YES;
				CLANG_ENABLE_OBJC_ARC = YES;
				CLANG_ENABLE_OBJC_WEAK = YES;
				CLANG_WARN_BLOCK_CAPTURE_AUTORELEASING = YES;
				CLANG_WARN_BOOL_CONVERSION = YES;
				CLANG_WARN_COMMA = YES;
				CLANG_WARN_CONSTANT_CONVERSION = YES;
				CLANG_WARN_DEPRECATED_OBJC_IMPLEMENTATIONS = YES;
				CLANG_WARN_DIRECT_OBJC_ISA_USAGE = YES_ERROR;
				CLANG_WARN_DOCUMENTATION_COMMENTS = YES;
				CLANG_WARN_EMPTY_BODY = YES;
				CLANG_WARN_ENUM_CONVERSION = YES;
				CLANG_WARN_INFINITE_RECURSION = YES;
				CLANG_WARN_INT_CONVERSION = YES;
				CLANG_WARN_NON_LITERAL_NULL_CONVERSION = YES;
				CLANG_WARN_OBJC_IMPLICIT_RETAIN_SELF = YES;
				CLANG_WARN_OBJC_LITERAL_CONVERSION = YES;
				CLANG_WARN_OBJC_ROOT_CLASS = YES_ERROR;
				CLANG_WARN_QUOTED_INCLUDE_IN_FRAMEWORK_HEADER = YES;
				CLANG_WARN_RANGE_LOOP_ANALYSIS = YES;
				CLANG_WARN_STRICT_PROTOTYPES = YES;
				CLANG_WARN_SUSPICIOUS_MOVE = YES;
				CLANG_WARN_UNGUARDED_AVAILABILITY = YES_AGGRESSIVE;
				CLANG_WARN_UNREACHABLE_CODE = YES;
				CLANG_WARN__DUPLICATE_METHOD_MATCH = YES;
				COPY_PHASE_STRIP = NO;
				DEBUG_INFORMATION_FORMAT = dwarf;
				ENABLE_STRICT_OBJC_MSGSEND = YES;
				ENABLE_TESTABILITY = YES;
				GCC_C_LANGUAGE_STANDARD = gnu11;
				GCC_DYNAMIC_NO_PIC = NO;
				GCC_NO_COMMON_BLOCKS = YES;
				GCC_OPTIMIZATION_LEVEL = 0;
				GCC_PREPROCESSOR_DEFINITIONS = (
					"DEBUG=1",
					"$(inherited)",
				);
				GCC_WARN_64_TO_32_BIT_CONVERSION = YES;
				GCC_WARN_ABOUT_RETURN_TYPE = YES_ERROR;
				GCC_WARN_UNDECLARED_SELECTOR = YES;
				GCC_WARN_UNINITIALIZED_AUTOS = YES_AGGRESSIVE;
				GCC_WARN_UNUSED_FUNCTION = YES;
				GCC_WARN_UNUSED_VARIABLE = YES;
				IPHONEOS_DEPLOYMENT_TARGET = 15.0;
				MTL_ENABLE_DEBUG_INFO = INCLUDE_SOURCE;
				MTL_FAST_MATH = YES;
				ONLY_ACTIVE_ARCH = YES;
				SDKROOT = iphoneos;
				SWIFT_ACTIVE_COMPILATION_CONDITIONS = DEBUG;
				SWIFT_OPTIMIZATION_LEVEL = "-Onone";
			};
			name = Debug;
		};
		84FA0F8A26C6350D00FB1C34 /* Release */ = {
			isa = XCBuildConfiguration;
			buildSettings = {
				ALWAYS_SEARCH_USER_PATHS = NO;
				CLANG_ANALYZER_NONNULL = YES;
				CLANG_ANALYZER_NUMBER_OBJECT_CONVERSION = YES_AGGRESSIVE;
				CLANG_CXX_LANGUAGE_STANDARD = "gnu++14";
				CLANG_CXX_LIBRARY = "libc++";
				CLANG_ENABLE_MODULES = YES;
				CLANG_ENABLE_OBJC_ARC = YES;
				CLANG_ENABLE_OBJC_WEAK = YES;
				CLANG_WARN_BLOCK_CAPTURE_AUTORELEASING = YES;
				CLANG_WARN_BOOL_CONVERSION = YES;
				CLANG_WARN_COMMA = YES;
				CLANG_WARN_CONSTANT_CONVERSION = YES;
				CLANG_WARN_DEPRECATED_OBJC_IMPLEMENTATIONS = YES;
				CLANG_WARN_DIRECT_OBJC_ISA_USAGE = YES_ERROR;
				CLANG_WARN_DOCUMENTATION_COMMENTS = YES;
				CLANG_WARN_EMPTY_BODY = YES;
				CLANG_WARN_ENUM_CONVERSION = YES;
				CLANG_WARN_INFINITE_RECURSION = YES;
				CLANG_WARN_INT_CONVERSION = YES;
				CLANG_WARN_NON_LITERAL_NULL_CONVERSION = YES;
				CLANG_WARN_OBJC_IMPLICIT_RETAIN_SELF = YES;
				CLANG_WARN_OBJC_LITERAL_CONVERSION = YES;
				CLANG_WARN_OBJC_ROOT_CLASS = YES_ERROR;
				CLANG_WARN_QUOTED_INCLUDE_IN_FRAMEWORK_HEADER = YES;
				CLANG_WARN_RANGE_LOOP_ANALYSIS = YES;
				CLANG_WARN_STRICT_PROTOTYPES = YES;
				CLANG_WARN_SUSPICIOUS_MOVE = YES;
				CLANG_WARN_UNGUARDED_AVAILABILITY = YES_AGGRESSIVE;
				CLANG_WARN_UNREACHABLE_CODE = YES;
				CLANG_WARN__DUPLICATE_METHOD_MATCH = YES;
				COPY_PHASE_STRIP = NO;
				DEBUG_INFORMATION_FORMAT = "dwarf-with-dsym";
				ENABLE_NS_ASSERTIONS = NO;
				ENABLE_STRICT_OBJC_MSGSEND = YES;
				GCC_C_LANGUAGE_STANDARD = gnu11;
				GCC_NO_COMMON_BLOCKS = YES;
				GCC_WARN_64_TO_32_BIT_CONVERSION = YES;
				GCC_WARN_ABOUT_RETURN_TYPE = YES_ERROR;
				GCC_WARN_UNDECLARED_SELECTOR = YES;
				GCC_WARN_UNINITIALIZED_AUTOS = YES_AGGRESSIVE;
				GCC_WARN_UNUSED_FUNCTION = YES;
				GCC_WARN_UNUSED_VARIABLE = YES;
				IPHONEOS_DEPLOYMENT_TARGET = 15.0;
				MTL_ENABLE_DEBUG_INFO = NO;
				MTL_FAST_MATH = YES;
				SDKROOT = iphoneos;
				SWIFT_COMPILATION_MODE = wholemodule;
				SWIFT_OPTIMIZATION_LEVEL = "-O";
				VALIDATE_PRODUCT = YES;
			};
			name = Release;
		};
		84FA0F8C26C6350D00FB1C34 /* Debug */ = {
			isa = XCBuildConfiguration;
			buildSettings = {
				ALWAYS_EMBED_SWIFT_STANDARD_LIBRARIES = YES;
				ASSETCATALOG_COMPILER_APPICON_NAME = AppIcon;
				ASSETCATALOG_COMPILER_GLOBAL_ACCENT_COLOR_NAME = AccentColor;
				CLANG_ENABLE_MODULES = YES;
				CODE_SIGN_STYLE = Automatic;
				CURRENT_PROJECT_VERSION = 2.0;
				DEVELOPMENT_TEAM = 62XGY8QWW9;
				INFOPLIST_FILE = App/Info.plist;
				INFOPLIST_KEY_CFBundleDisplayName = News;
				INFOPLIST_KEY_LSApplicationCategoryType = "public.app-category.news";
				LD_RUNPATH_SEARCH_PATHS = (
					"$(inherited)",
					"@executable_path/Frameworks",
				);
				MARKETING_VERSION = 2.0;
				PRODUCT_BUNDLE_IDENTIFIER = "-77.FinamTest";
				PRODUCT_NAME = "$(TARGET_NAME)";
				SWIFT_OPTIMIZATION_LEVEL = "-Onone";
				SWIFT_VERSION = 5.0;
				TARGETED_DEVICE_FAMILY = "1,2";
			};
			name = Debug;
		};
		84FA0F8D26C6350D00FB1C34 /* Release */ = {
			isa = XCBuildConfiguration;
			buildSettings = {
				ALWAYS_EMBED_SWIFT_STANDARD_LIBRARIES = YES;
				ASSETCATALOG_COMPILER_APPICON_NAME = AppIcon;
				ASSETCATALOG_COMPILER_GLOBAL_ACCENT_COLOR_NAME = AccentColor;
				CLANG_ENABLE_MODULES = YES;
				CODE_SIGN_STYLE = Automatic;
				CURRENT_PROJECT_VERSION = 2.0;
				DEVELOPMENT_TEAM = 62XGY8QWW9;
				INFOPLIST_FILE = App/Info.plist;
				INFOPLIST_KEY_CFBundleDisplayName = News;
				INFOPLIST_KEY_LSApplicationCategoryType = "public.app-category.news";
				LD_RUNPATH_SEARCH_PATHS = (
					"$(inherited)",
					"@executable_path/Frameworks",
				);
				MARKETING_VERSION = 2.0;
				PRODUCT_BUNDLE_IDENTIFIER = "-77.FinamTest";
				PRODUCT_NAME = "$(TARGET_NAME)";
				SWIFT_VERSION = 5.0;
				TARGETED_DEVICE_FAMILY = "1,2";
			};
			name = Release;
		};
		C457B5A52AE98F8F005C6B59 /* Debug */ = {
			isa = XCBuildConfiguration;
			buildSettings = {
				ASSETCATALOG_COMPILER_GENERATE_SWIFT_ASSET_SYMBOL_EXTENSIONS = YES;
				ASSETCATALOG_COMPILER_GLOBAL_ACCENT_COLOR_NAME = AccentColor;
				ASSETCATALOG_COMPILER_WIDGET_BACKGROUND_COLOR_NAME = WidgetBackground;
				CLANG_CXX_LANGUAGE_STANDARD = "gnu++20";
				CODE_SIGN_STYLE = Automatic;
				CURRENT_PROJECT_VERSION = 2.0;
				DEVELOPMENT_TEAM = 62XGY8QWW9;
				ENABLE_USER_SCRIPT_SANDBOXING = YES;
				GCC_C_LANGUAGE_STANDARD = gnu17;
				GENERATE_INFOPLIST_FILE = YES;
				INFOPLIST_FILE = NewsWidget/Info.plist;
				INFOPLIST_KEY_CFBundleDisplayName = NewsWidget;
				INFOPLIST_KEY_NSHumanReadableCopyright = "";
				IPHONEOS_DEPLOYMENT_TARGET = 17.0;
				LD_RUNPATH_SEARCH_PATHS = (
					"$(inherited)",
					"@executable_path/Frameworks",
					"@executable_path/../../Frameworks",
				);
				LOCALIZATION_PREFERS_STRING_CATALOGS = YES;
				MARKETING_VERSION = 2.0;
				PRODUCT_BUNDLE_IDENTIFIER = "-77.FinamTest.NewsWidget";
				PRODUCT_NAME = "$(TARGET_NAME)";
				SKIP_INSTALL = YES;
				SWIFT_ACTIVE_COMPILATION_CONDITIONS = "DEBUG $(inherited)";
				SWIFT_EMIT_LOC_STRINGS = YES;
				SWIFT_VERSION = 5.0;
				TARGETED_DEVICE_FAMILY = "1,2";
			};
			name = Debug;
		};
		C457B5A62AE98F8F005C6B59 /* Release */ = {
			isa = XCBuildConfiguration;
			buildSettings = {
				ASSETCATALOG_COMPILER_GENERATE_SWIFT_ASSET_SYMBOL_EXTENSIONS = YES;
				ASSETCATALOG_COMPILER_GLOBAL_ACCENT_COLOR_NAME = AccentColor;
				ASSETCATALOG_COMPILER_WIDGET_BACKGROUND_COLOR_NAME = WidgetBackground;
				CLANG_CXX_LANGUAGE_STANDARD = "gnu++20";
				CODE_SIGN_STYLE = Automatic;
				CURRENT_PROJECT_VERSION = 2.0;
				DEVELOPMENT_TEAM = 62XGY8QWW9;
				ENABLE_USER_SCRIPT_SANDBOXING = YES;
				GCC_C_LANGUAGE_STANDARD = gnu17;
				GENERATE_INFOPLIST_FILE = YES;
				INFOPLIST_FILE = NewsWidget/Info.plist;
				INFOPLIST_KEY_CFBundleDisplayName = NewsWidget;
				INFOPLIST_KEY_NSHumanReadableCopyright = "";
				IPHONEOS_DEPLOYMENT_TARGET = 17.0;
				LD_RUNPATH_SEARCH_PATHS = (
					"$(inherited)",
					"@executable_path/Frameworks",
					"@executable_path/../../Frameworks",
				);
				LOCALIZATION_PREFERS_STRING_CATALOGS = YES;
				MARKETING_VERSION = 2.0;
				PRODUCT_BUNDLE_IDENTIFIER = "-77.FinamTest.NewsWidget";
				PRODUCT_NAME = "$(TARGET_NAME)";
				SKIP_INSTALL = YES;
				SWIFT_EMIT_LOC_STRINGS = YES;
				SWIFT_VERSION = 5.0;
				TARGETED_DEVICE_FAMILY = "1,2";
			};
			name = Release;
		};
/* End XCBuildConfiguration section */

/* Begin XCConfigurationList section */
		84FA0F6F26C6350900FB1C34 /* Build configuration list for PBXProject "News" */ = {
			isa = XCConfigurationList;
			buildConfigurations = (
				84FA0F8926C6350D00FB1C34 /* Debug */,
				84FA0F8A26C6350D00FB1C34 /* Release */,
			);
			defaultConfigurationIsVisible = 0;
			defaultConfigurationName = Release;
		};
		84FA0F8B26C6350D00FB1C34 /* Build configuration list for PBXNativeTarget "News" */ = {
			isa = XCConfigurationList;
			buildConfigurations = (
				84FA0F8C26C6350D00FB1C34 /* Debug */,
				84FA0F8D26C6350D00FB1C34 /* Release */,
			);
			defaultConfigurationIsVisible = 0;
			defaultConfigurationName = Release;
		};
		C457B5A42AE98F8F005C6B59 /* Build configuration list for PBXNativeTarget "NewsWidgetExtension" */ = {
			isa = XCConfigurationList;
			buildConfigurations = (
				C457B5A52AE98F8F005C6B59 /* Debug */,
				C457B5A62AE98F8F005C6B59 /* Release */,
			);
			defaultConfigurationIsVisible = 0;
			defaultConfigurationName = Release;
		};
/* End XCConfigurationList section */
	};
	rootObject = 84FA0F6C26C6350900FB1C34 /* Project object */;
}
